// !$*UTF8*$!
{
	archiveVersion = 1;
	classes = {
	};
	objectVersion = 48;
	objects = {

/* Begin PBXBuildFile section */
		6D276A1920CE885C009B6AF2 /* LocationUtil.swift in Sources */ = {isa = PBXBuildFile; fileRef = 6D276A1820CE885C009B6AF2 /* LocationUtil.swift */; };
		6D276A1B20CE8DC7009B6AF2 /* HackeruRun.gpx in Resources */ = {isa = PBXBuildFile; fileRef = 6D276A1A20CE8DC7009B6AF2 /* HackeruRun.gpx */; };
		6D276A1D20CE9C76009B6AF2 /* PizzaAnnotation.swift in Sources */ = {isa = PBXBuildFile; fileRef = 6D276A1C20CE9C76009B6AF2 /* PizzaAnnotation.swift */; };
		6DD1755120CE5164007812A9 /* AppDelegate.swift in Sources */ = {isa = PBXBuildFile; fileRef = 6DD1755020CE5164007812A9 /* AppDelegate.swift */; };
		6DD1755320CE5164007812A9 /* MMapViewController.swift in Sources */ = {isa = PBXBuildFile; fileRef = 6DD1755220CE5164007812A9 /* MMapViewController.swift */; };
		6DD1755520CE5164007812A9 /* MLocationViewController.swift in Sources */ = {isa = PBXBuildFile; fileRef = 6DD1755420CE5164007812A9 /* MLocationViewController.swift */; };
		6DD1755820CE5164007812A9 /* Main.storyboard in Resources */ = {isa = PBXBuildFile; fileRef = 6DD1755620CE5164007812A9 /* Main.storyboard */; };
		6DD1755A20CE5164007812A9 /* Assets.xcassets in Resources */ = {isa = PBXBuildFile; fileRef = 6DD1755920CE5164007812A9 /* Assets.xcassets */; };
		6DD1755D20CE5165007812A9 /* LaunchScreen.storyboard in Resources */ = {isa = PBXBuildFile; fileRef = 6DD1755B20CE5165007812A9 /* LaunchScreen.storyboard */; };
		6DD1756620CE516E007812A9 /* MapKit.framework in Frameworks */ = {isa = PBXBuildFile; fileRef = 6DD1756520CE516E007812A9 /* MapKit.framework */; };
/* End PBXBuildFile section */

/* Begin PBXFileReference section */
		6D276A1820CE885C009B6AF2 /* LocationUtil.swift */ = {isa = PBXFileReference; lastKnownFileType = sourcecode.swift; path = LocationUtil.swift; sourceTree = "<group>"; };
		6D276A1A20CE8DC7009B6AF2 /* HackeruRun.gpx */ = {isa = PBXFileReference; lastKnownFileType = text.xml; path = HackeruRun.gpx; sourceTree = "<group>"; };
		6D276A1C20CE9C76009B6AF2 /* PizzaAnnotation.swift */ = {isa = PBXFileReference; lastKnownFileType = sourcecode.swift; path = PizzaAnnotation.swift; sourceTree = "<group>"; };
		6DD1754D20CE5164007812A9 /* Lec15.app */ = {isa = PBXFileReference; explicitFileType = wrapper.application; includeInIndex = 0; path = Lec15.app; sourceTree = BUILT_PRODUCTS_DIR; };
		6DD1755020CE5164007812A9 /* AppDelegate.swift */ = {isa = PBXFileReference; lastKnownFileType = sourcecode.swift; path = AppDelegate.swift; sourceTree = "<group>"; };
		6DD1755220CE5164007812A9 /* MMapViewController.swift */ = {isa = PBXFileReference; lastKnownFileType = sourcecode.swift; path = MMapViewController.swift; sourceTree = "<group>"; };
		6DD1755420CE5164007812A9 /* MLocationViewController.swift */ = {isa = PBXFileReference; lastKnownFileType = sourcecode.swift; path = MLocationViewController.swift; sourceTree = "<group>"; };
		6DD1755720CE5164007812A9 /* Base */ = {isa = PBXFileReference; lastKnownFileType = file.storyboard; name = Base; path = Base.lproj/Main.storyboard; sourceTree = "<group>"; };
		6DD1755920CE5164007812A9 /* Assets.xcassets */ = {isa = PBXFileReference; lastKnownFileType = folder.assetcatalog; path = Assets.xcassets; sourceTree = "<group>"; };
		6DD1755C20CE5165007812A9 /* Base */ = {isa = PBXFileReference; lastKnownFileType = file.storyboard; name = Base; path = Base.lproj/LaunchScreen.storyboard; sourceTree = "<group>"; };
		6DD1755E20CE5165007812A9 /* Info.plist */ = {isa = PBXFileReference; lastKnownFileType = text.plist.xml; path = Info.plist; sourceTree = "<group>"; };
		6DD1756520CE516E007812A9 /* MapKit.framework */ = {isa = PBXFileReference; lastKnownFileType = wrapper.framework; name = MapKit.framework; path = System/Library/Frameworks/MapKit.framework; sourceTree = SDKROOT; };
/* End PBXFileReference section */

/* Begin PBXFrameworksBuildPhase section */
		6DD1754A20CE5164007812A9 /* Frameworks */ = {
			isa = PBXFrameworksBuildPhase;
			buildActionMask = 2147483647;
			files = (
				6DD1756620CE516E007812A9 /* MapKit.framework in Frameworks */,
			);
			runOnlyForDeploymentPostprocessing = 0;
		};
/* End PBXFrameworksBuildPhase section */

/* Begin PBXGroup section */
		6DD1754420CE5164007812A9 = {
			isa = PBXGroup;
			children = (
				6DD1754F20CE5164007812A9 /* Lec15 */,
				6DD1754E20CE5164007812A9 /* Products */,
				6DD1756420CE516E007812A9 /* Frameworks */,
			);
			sourceTree = "<group>";
		};
		6DD1754E20CE5164007812A9 /* Products */ = {
			isa = PBXGroup;
			children = (
				6DD1754D20CE5164007812A9 /* Lec15.app */,
			);
			name = Products;
			sourceTree = "<group>";
		};
		6DD1754F20CE5164007812A9 /* Lec15 */ = {
			isa = PBXGroup;
			children = (
				6DD1755020CE5164007812A9 /* AppDelegate.swift */,
				6DD1755220CE5164007812A9 /* MMapViewController.swift */,
				6DD1755420CE5164007812A9 /* MLocationViewController.swift */,
				6DD1755620CE5164007812A9 /* Main.storyboard */,
				6DD1755920CE5164007812A9 /* Assets.xcassets */,
				6DD1755B20CE5165007812A9 /* LaunchScreen.storyboard */,
				6DD1755E20CE5165007812A9 /* Info.plist */,
				6D276A1820CE885C009B6AF2 /* LocationUtil.swift */,
				6D276A1A20CE8DC7009B6AF2 /* HackeruRun.gpx */,
				6D276A1C20CE9C76009B6AF2 /* PizzaAnnotation.swift */,
			);
			path = Lec15;
			sourceTree = "<group>";
		};
		6DD1756420CE516E007812A9 /* Frameworks */ = {
			isa = PBXGroup;
			children = (
				6DD1756520CE516E007812A9 /* MapKit.framework */,
			);
			name = Frameworks;
			sourceTree = "<group>";
		};
/* End PBXGroup section */

/* Begin PBXNativeTarget section */
		6DD1754C20CE5164007812A9 /* Lec15 */ = {
			isa = PBXNativeTarget;
			buildConfigurationList = 6DD1756120CE5165007812A9 /* Build configuration list for PBXNativeTarget "Lec15" */;
			buildPhases = (
				6DD1754920CE5164007812A9 /* Sources */,
				6DD1754A20CE5164007812A9 /* Frameworks */,
				6DD1754B20CE5164007812A9 /* Resources */,
			);
			buildRules = (
			);
			dependencies = (
			);
			name = Lec15;
			productName = Lec15;
			productReference = 6DD1754D20CE5164007812A9 /* Lec15.app */;
			productType = "com.apple.product-type.application";
		};
/* End PBXNativeTarget section */

/* Begin PBXProject section */
		6DD1754520CE5164007812A9 /* Project object */ = {
			isa = PBXProject;
			attributes = {
				LastSwiftUpdateCheck = 0920;
				LastUpgradeCheck = 0920;
				ORGANIZATIONNAME = HackerU;
				TargetAttributes = {
					6DD1754C20CE5164007812A9 = {
						CreatedOnToolsVersion = 9.2;
						ProvisioningStyle = Automatic;
						SystemCapabilities = {
							com.apple.Maps.iOS = {
								enabled = 1;
							};
						};
					};
				};
			};
			buildConfigurationList = 6DD1754820CE5164007812A9 /* Build configuration list for PBXProject "Lec15" */;
			compatibilityVersion = "Xcode 8.0";
			developmentRegion = en;
			hasScannedForEncodings = 0;
			knownRegions = (
				en,
				Base,
			);
			mainGroup = 6DD1754420CE5164007812A9;
			productRefGroup = 6DD1754E20CE5164007812A9 /* Products */;
			projectDirPath = "";
			projectRoot = "";
			targets = (
				6DD1754C20CE5164007812A9 /* Lec15 */,
			);
		};
/* End PBXProject section */

/* Begin PBXResourcesBuildPhase section */
		6DD1754B20CE5164007812A9 /* Resources */ = {
			isa = PBXResourcesBuildPhase;
			buildActionMask = 2147483647;
			files = (
				6DD1755D20CE5165007812A9 /* LaunchScreen.storyboard in Resources */,
				6DD1755A20CE5164007812A9 /* Assets.xcassets in Resources */,
				6DD1755820CE5164007812A9 /* Main.storyboard in Resources */,
				6D276A1B20CE8DC7009B6AF2 /* HackeruRun.gpx in Resources */,
			);
			runOnlyForDeploymentPostprocessing = 0;
		};
/* End PBXResourcesBuildPhase section */

/* Begin PBXSourcesBuildPhase section */
		6DD1754920CE5164007812A9 /* Sources */ = {
			isa = PBXSourcesBuildPhase;
			buildActionMask = 2147483647;
			files = (
				6D276A1920CE885C009B6AF2 /* LocationUtil.swift in Sources */,
				6DD1755520CE5164007812A9 /* MLocationViewController.swift in Sources */,
				6DD1755120CE5164007812A9 /* AppDelegate.swift in Sources */,
				6DD1755320CE5164007812A9 /* MMapViewController.swift in Sources */,
				6D276A1D20CE9C76009B6AF2 /* PizzaAnnotation.swift in Sources */,
			);
			runOnlyForDeploymentPostprocessing = 0;
		};
/* End PBXSourcesBuildPhase section */

/* Begin PBXVariantGroup section */
		6DD1755620CE5164007812A9 /* Main.storyboard */ = {
			isa = PBXVariantGroup;
			children = (
				6DD1755720CE5164007812A9 /* Base */,
			);
			name = Main.storyboard;
			sourceTree = "<group>";
		};
		6DD1755B20CE5165007812A9 /* LaunchScreen.storyboard */ = {
			isa = PBXVariantGroup;
			children = (
				6DD1755C20CE5165007812A9 /* Base */,
			);
			name = LaunchScreen.storyboard;
			sourceTree = "<group>";
		};
/* End PBXVariantGroup section */

/* Begin XCBuildConfiguration section */
		6DD1755F20CE5165007812A9 /* Debug */ = {
			isa = XCBuildConfiguration;
			buildSettings = {
				ALWAYS_SEARCH_USER_PATHS = NO;
				CLANG_ANALYZER_NONNULL = YES;
				CLANG_ANALYZER_NUMBER_OBJECT_CONVERSION = YES_AGGRESSIVE;
				CLANG_CXX_LANGUAGE_STANDARD = "gnu++14";
				CLANG_CXX_LIBRARY = "libc++";
				CLANG_ENABLE_MODULES = YES;
				CLANG_ENABLE_OBJC_ARC = YES;
				CLANG_WARN_BLOCK_CAPTURE_AUTORELEASING = YES;
				CLANG_WARN_BOOL_CONVERSION = YES;
				CLANG_WARN_COMMA = YES;
				CLANG_WARN_CONSTANT_CONVERSION = YES;
				CLANG_WARN_DIRECT_OBJC_ISA_USAGE = YES_ERROR;
				CLANG_WARN_DOCUMENTATION_COMMENTS = YES;
				CLANG_WARN_EMPTY_BODY = YES;
				CLANG_WARN_ENUM_CONVERSION = YES;
				CLANG_WARN_INFINITE_RECURSION = YES;
				CLANG_WARN_INT_CONVERSION = YES;
				CLANG_WARN_NON_LITERAL_NULL_CONVERSION = YES;
				CLANG_WARN_OBJC_LITERAL_CONVERSION = YES;
				CLANG_WARN_OBJC_ROOT_CLASS = YES_ERROR;
				CLANG_WARN_RANGE_LOOP_ANALYSIS = YES;
				CLANG_WARN_STRICT_PROTOTYPES = YES;
				CLANG_WARN_SUSPICIOUS_MOVE = YES;
				CLANG_WARN_UNGUARDED_AVAILABILITY = YES_AGGRESSIVE;
				CLANG_WARN_UNREACHABLE_CODE = YES;
				CLANG_WARN__DUPLICATE_METHOD_MATCH = YES;
				CODE_SIGN_IDENTITY = "iPhone Developer";
				COPY_PHASE_STRIP = NO;
				DEBUG_INFORMATION_FORMAT = dwarf;
				ENABLE_STRICT_OBJC_MSGSEND = YES;
				ENABLE_TESTABILITY = YES;
				GCC_C_LANGUAGE_STANDARD = gnu11;
				GCC_DYNAMIC_NO_PIC = NO;
				GCC_NO_COMMON_BLOCKS = YES;
				GCC_OPTIMIZATION_LEVEL = 0;
				GCC_PREPROCESSOR_DEFINITIONS = (
					"DEBUG=1",
					"$(inherited)",
				);
				GCC_WARN_64_TO_32_BIT_CONVERSION = YES;
				GCC_WARN_ABOUT_RETURN_TYPE = YES_ERROR;
				GCC_WARN_UNDECLARED_SELECTOR = YES;
				GCC_WARN_UNINITIALIZED_AUTOS = YES_AGGRESSIVE;
				GCC_WARN_UNUSED_FUNCTION = YES;
				GCC_WARN_UNUSED_VARIABLE = YES;
				IPHONEOS_DEPLOYMENT_TARGET = 11.2;
				MTL_ENABLE_DEBUG_INFO = YES;
				ONLY_ACTIVE_ARCH = YES;
				SDKROOT = iphoneos;
				SWIFT_ACTIVE_COMPILATION_CONDITIONS = DEBUG;
				SWIFT_OPTIMIZATION_LEVEL = "-Onone";
			};
			name = Debug;
		};
		6DD1756020CE5165007812A9 /* Release */ = {
			isa = XCBuildConfiguration;
			buildSettings = {
				ALWAYS_SEARCH_USER_PATHS = NO;
				CLANG_ANALYZER_NONNULL = YES;
				CLANG_ANALYZER_NUMBER_OBJECT_CONVERSION = YES_AGGRESSIVE;
				CLANG_CXX_LANGUAGE_STANDARD = "gnu++14";
				CLANG_CXX_LIBRARY = "libc++";
				CLANG_ENABLE_MODULES = YES;
				CLANG_ENABLE_OBJC_ARC = YES;
				CLANG_WARN_BLOCK_CAPTURE_AUTORELEASING = YES;
				CLANG_WARN_BOOL_CONVERSION = YES;
				CLANG_WARN_COMMA = YES;
				CLANG_WARN_CONSTANT_CONVERSION = YES;
				CLANG_WARN_DIRECT_OBJC_ISA_USAGE = YES_ERROR;
				CLANG_WARN_DOCUMENTATION_COMMENTS = YES;
				CLANG_WARN_EMPTY_BODY = YES;
				CLANG_WARN_ENUM_CONVERSION = YES;
				CLANG_WARN_INFINITE_RECURSION = YES;
				CLANG_WARN_INT_CONVERSION = YES;
				CLANG_WARN_NON_LITERAL_NULL_CONVERSION = YES;
				CLANG_WARN_OBJC_LITERAL_CONVERSION = YES;
				CLANG_WARN_OBJC_ROOT_CLASS = YES_ERROR;
				CLANG_WARN_RANGE_LOOP_ANALYSIS = YES;
				CLANG_WARN_STRICT_PROTOTYPES = YES;
				CLANG_WARN_SUSPICIOUS_MOVE = YES;
				CLANG_WARN_UNGUARDED_AVAILABILITY = YES_AGGRESSIVE;
				CLANG_WARN_UNREACHABLE_CODE = YES;
				CLANG_WARN__DUPLICATE_METHOD_MATCH = YES;
				CODE_SIGN_IDENTITY = "iPhone Developer";
				COPY_PHASE_STRIP = NO;
				DEBUG_INFORMATION_FORMAT = "dwarf-with-dsym";
				ENABLE_NS_ASSERTIONS = NO;
				ENABLE_STRICT_OBJC_MSGSEND = YES;
				GCC_C_LANGUAGE_STANDARD = gnu11;
				GCC_NO_COMMON_BLOCKS = YES;
				GCC_WARN_64_TO_32_BIT_CONVERSION = YES;
				GCC_WARN_ABOUT_RETURN_TYPE = YES_ERROR;
				GCC_WARN_UNDECLARED_SELECTOR = YES;
				GCC_WARN_UNINITIALIZED_AUTOS = YES_AGGRESSIVE;
				GCC_WARN_UNUSED_FUNCTION = YES;
				GCC_WARN_UNUSED_VARIABLE = YES;
				IPHONEOS_DEPLOYMENT_TARGET = 11.2;
				MTL_ENABLE_DEBUG_INFO = NO;
				SDKROOT = iphoneos;
				SWIFT_OPTIMIZATION_LEVEL = "-Owholemodule";
				VALIDATE_PRODUCT = YES;
			};
			name = Release;
		};
		6DD1756220CE5165007812A9 /* Debug */ = {
			isa = XCBuildConfiguration;
			buildSettings = {
				ASSETCATALOG_COMPILER_APPICON_NAME = AppIcon;
				CODE_SIGN_STYLE = Automatic;
				INFOPLIST_FILE = Lec15/Info.plist;
				LD_RUNPATH_SEARCH_PATHS = "$(inherited) @executable_path/Frameworks";
				PRODUCT_BUNDLE_IDENTIFIER = edu.hackeru.Lec15;
				PRODUCT_NAME = "$(TARGET_NAME)";
				SWIFT_VERSION = 4.0;
				TARGETED_DEVICE_FAMILY = "1,2";
			};
			name = Debug;
		};
		6DD1756320CE5165007812A9 /* Release */ = {
			isa = XCBuildConfiguration;
			buildSettings = {
				ASSETCATALOG_COMPILER_APPICON_NAME = AppIcon;
				CODE_SIGN_STYLE = Automatic;
				INFOPLIST_FILE = Lec15/Info.plist;
				LD_RUNPATH_SEARCH_PATHS = "$(inherited) @executable_path/Frameworks";
				PRODUCT_BUNDLE_IDENTIFIER = edu.hackeru.Lec15;
				PRODUCT_NAME = "$(TARGET_NAME)";
				SWIFT_VERSION = 4.0;
				TARGETED_DEVICE_FAMILY = "1,2";
			};
			name = Release;
		};
/* End XCBuildConfiguration section */

/* Begin XCConfigurationList section */
		6DD1754820CE5164007812A9 /* Build configuration list for PBXProject "Lec15" */ = {
			isa = XCConfigurationList;
			buildConfigurations = (
				6DD1755F20CE5165007812A9 /* Debug */,
				6DD1756020CE5165007812A9 /* Release */,
			);
			defaultConfigurationIsVisible = 0;
			defaultConfigurationName = Release;
		};
		6DD1756120CE5165007812A9 /* Build configuration list for PBXNativeTarget "Lec15" */ = {
			isa = XCConfigurationList;
			buildConfigurations = (
				6DD1756220CE5165007812A9 /* Debug */,
				6DD1756320CE5165007812A9 /* Release */,
			);
			defaultConfigurationIsVisible = 0;
			defaultConfigurationName = Release;
		};
/* End XCConfigurationList section */
	};
	rootObject = 6DD1754520CE5164007812A9 /* Project object */;
}
